
Microsoft Visual Studio Solution File, Format Version 12.00
# Visual Studio Version 17
VisualStudioVersion = 17.3.32922.545
MinimumVisualStudioVersion = 10.0.40219.1
Project("{FAE04EC0-301F-11D3-BF4B-00C04F79EFBC}") = "ASPTest", "ASPTest\ASPTest.csproj", "{689EED2A-57A5-46A1-BBAB-B5D38477C3FD}"
EndProject
Project("{FAE04EC0-301F-11D3-BF4B-00C04F79EFBC}") = "ASPUnitTesting", "ASPUnitTesting\ASPUnitTesting.csproj", "{26221166-E508-4ADA-AE0F-D13916E4C28C}"
EndProject
Global
	GlobalSection(SolutionConfigurationPlatforms) = preSolution
		Debug|Any CPU = Debug|Any CPU
		Release|Any CPU = Release|Any CPU
	EndGlobalSection
	GlobalSection(ProjectConfigurationPlatforms) = postSolution
		{689EED2A-57A5-46A1-BBAB-B5D38477C3FD}.Debug|Any CPU.ActiveCfg = Debug|Any CPU
		{689EED2A-57A5-46A1-BBAB-B5D38477C3FD}.Debug|Any CPU.Build.0 = Debug|Any CPU
		{689EED2A-57A5-46A1-BBAB-B5D38477C3FD}.Release|Any CPU.ActiveCfg = Release|Any CPU
		{689EED2A-57A5-46A1-BBAB-B5D38477C3FD}.Release|Any CPU.Build.0 = Release|Any CPU
		{26221166-E508-4ADA-AE0F-D13916E4C28C}.Debug|Any CPU.ActiveCfg = Debug|Any CPU
		{26221166-E508-4ADA-AE0F-D13916E4C28C}.Debug|Any CPU.Build.0 = Debug|Any CPU
		{26221166-E508-4ADA-AE0F-D13916E4C28C}.Release|Any CPU.ActiveCfg = Release|Any CPU
		{26221166-E508-4ADA-AE0F-D13916E4C28C}.Release|Any CPU.Build.0 = Release|Any CPU
	EndGlobalSection
	GlobalSection(SolutionProperties) = preSolution
		HideSolutionNode = FALSE
	EndGlobalSection
	GlobalSection(ExtensibilityGlobals) = postSolution
		SolutionGuid = {94456FD8-888A-48A2-AD29-46718C3F9534}
	EndGlobalSection
EndGlobal
